# THIS IS AN AUTOGENERATED FILE. DO NOT EDIT THIS FILE DIRECTLY.
# yarn lockfile v1


big-integer@^1.6.42:
  version "1.6.42"
  resolved "https://registry.yarnpkg.com/big-integer/-/big-integer-1.6.42.tgz#91623ae5ceeff9a47416c56c9440a66f12f534f1"
  integrity sha512-3UQFKcRMx+5Z+IK5vYTMYK2jzLRJkt+XqyDdacgWgtMjjuifKpKTFneJLEgeBElOE2/lXZ1LcMcb5s8pwG2U8Q==

biguint-format@^1.0.1:
  version "1.0.1"
  resolved "https://registry.yarnpkg.com/biguint-format/-/biguint-format-1.0.1.tgz#0ad9a81a48de96a79084c1a2fcc11bf27b80e284"
  integrity sha512-EyEAXbBXdXHTmysr9bFjiTiFa7nDwew4N2qZ2Ka0aAM9oTidS5lNH3jVTBPFcaXyRCzLpw1cb3ATD+fzg89/fQ==
